
Microsoft Visual Studio Solution File, Format Version 12.00
# Visual Studio Version 17
VisualStudioVersion = 17.14.36511.14 d17.14
MinimumVisualStudioVersion = 10.0.40219.1
Project("{FAE04EC0-301F-11D3-BF4B-00C04F79EFBC}") = "TerminalGameWithAudio", "TerminalGameWithAudio.csproj", "{2BAFA510-7487-4968-A238-C20220DB6DCB}"
EndProject
Global
	GlobalSection(SolutionConfigurationPlatforms) = preSolution
		Debug|Any CPU = Debug|Any CPU
		Release|Any CPU = Release|Any CPU
	EndGlobalSection
	GlobalSection(ProjectConfigurationPlatforms) = postSolution
		{2BAFA510-7487-4968-A238-C20220DB6DCB}.Debug|Any CPU.ActiveCfg = Debug|Any CPU
		{2BAFA510-7487-4968-A238-C20220DB6DCB}.Debug|Any CPU.Build.0 = Debug|Any CPU
		{2BAFA510-7487-4968-A238-C20220DB6DCB}.Release|Any CPU.ActiveCfg = Release|Any CPU
		{2BAFA510-7487-4968-A238-C20220DB6DCB}.Release|Any CPU.Build.0 = Release|Any CPU
	EndGlobalSection
	GlobalSection(SolutionProperties) = preSolution
		HideSolutionNode = FALSE
	EndGlobalSection
	GlobalSection(ExtensibilityGlobals) = postSolution
		SolutionGuid = {D932C8CE-24E2-4342-B37F-CBF0D7C0E9A9}
	EndGlobalSection
EndGlobal
